{
  "name": "repo-canvas",
  "version": "0.2.0",
  "lockfileVersion": 3,
  "requires": true,
  "packages": {
    "": {
      "name": "repo-canvas",
      "version": "0.2.0",
      "license": "UNLICENSED",
      "bin": {
        "repo-canvas": "repo-canvas/scripts/canvas.mjs"
      },
      "engines": {
        "node": ">=22"
      }
    }
  }
}
